<?xml version="1.0" encoding="UTF-8"?>
<CodeBlocks_project_file>
	<FileVersion major="1" minor="6"/>
	<Project>
		<Option title="fml_ast_interpreter"/>
		<Option makefile_is_custom="1"/>
		<Option compiler="gcc"/>
		<Option virtualFolders="CMake Files\;"/>
		<Build>
			<Target title="all">
				<Option working_dir="/mnt/c/School/NI-RUN/NI-RUN/fml_ast_interpreter"/>
				<Option type="4"/>
				<MakeCommands>
					<Build command="/usr/bin/make -f &quot;/mnt/c/School/NI-RUN/NI-RUN/fml_ast_interpreter/Makefile&quot;  VERBOSE=1 all"/>
					<CompileFile command="/usr/bin/make -f &quot;/mnt/c/School/NI-RUN/NI-RUN/fml_ast_interpreter/Makefile&quot;  VERBOSE=1 &quot;$file&quot;"/>
					<Clean command="/usr/bin/make -f &quot;/mnt/c/School/NI-RUN/NI-RUN/fml_ast_interpreter/Makefile&quot;  VERBOSE=1 clean"/>
					<DistClean command="/usr/bin/make -f &quot;/mnt/c/School/NI-RUN/NI-RUN/fml_ast_interpreter/Makefile&quot;  VERBOSE=1 clean"/>
				</MakeCommands>
			</Target>
			<Target title="rebuild_cache">
				<Option working_dir="/mnt/c/School/NI-RUN/NI-RUN/fml_ast_interpreter"/>
				<Option type="4"/>
				<MakeCommands>
					<Build command="/usr/bin/make -f &quot;/mnt/c/School/NI-RUN/NI-RUN/fml_ast_interpreter/Makefile&quot;  VERBOSE=1 rebuild_cache"/>
					<CompileFile command="/usr/bin/make -f &quot;/mnt/c/School/NI-RUN/NI-RUN/fml_ast_interpreter/Makefile&quot;  VERBOSE=1 &quot;$file&quot;"/>
					<Clean command="/usr/bin/make -f &quot;/mnt/c/School/NI-RUN/NI-RUN/fml_ast_interpreter/Makefile&quot;  VERBOSE=1 clean"/>
					<DistClean command="/usr/bin/make -f &quot;/mnt/c/School/NI-RUN/NI-RUN/fml_ast_interpreter/Makefile&quot;  VERBOSE=1 clean"/>
				</MakeCommands>
			</Target>
			<Target title="edit_cache">
				<Option working_dir="/mnt/c/School/NI-RUN/NI-RUN/fml_ast_interpreter"/>
				<Option type="4"/>
				<MakeCommands>
					<Build command="/usr/bin/make -f &quot;/mnt/c/School/NI-RUN/NI-RUN/fml_ast_interpreter/Makefile&quot;  VERBOSE=1 edit_cache"/>
					<CompileFile command="/usr/bin/make -f &quot;/mnt/c/School/NI-RUN/NI-RUN/fml_ast_interpreter/Makefile&quot;  VERBOSE=1 &quot;$file&quot;"/>
					<Clean command="/usr/bin/make -f &quot;/mnt/c/School/NI-RUN/NI-RUN/fml_ast_interpreter/Makefile&quot;  VERBOSE=1 clean"/>
					<DistClean command="/usr/bin/make -f &quot;/mnt/c/School/NI-RUN/NI-RUN/fml_ast_interpreter/Makefile&quot;  VERBOSE=1 clean"/>
				</MakeCommands>
			</Target>
			<Target title="fml_ast_interpreter">
				<Option output="/mnt/c/School/NI-RUN/NI-RUN/fml_ast_interpreter/fml_ast_interpreter" prefix_auto="0" extension_auto="0"/>
				<Option working_dir="/mnt/c/School/NI-RUN/NI-RUN/fml_ast_interpreter"/>
				<Option object_output="./"/>
				<Option type="1"/>
				<Option compiler="gcc"/>
				<Compiler>
					<Add directory="/mnt/c/School/NI-RUN/NI-RUN/fml_ast_interpreter/vendor/rapidjson/include"/>
					<Add directory="/mnt/c/School/NI-RUN/NI-RUN/fml_ast_interpreter/vendor/scopeGuard"/>
				</Compiler>
				<MakeCommands>
					<Build command="/usr/bin/make -f &quot;/mnt/c/School/NI-RUN/NI-RUN/fml_ast_interpreter/Makefile&quot;  VERBOSE=1 fml_ast_interpreter"/>
					<CompileFile command="/usr/bin/make -f &quot;/mnt/c/School/NI-RUN/NI-RUN/fml_ast_interpreter/Makefile&quot;  VERBOSE=1 &quot;$file&quot;"/>
					<Clean command="/usr/bin/make -f &quot;/mnt/c/School/NI-RUN/NI-RUN/fml_ast_interpreter/Makefile&quot;  VERBOSE=1 clean"/>
					<DistClean command="/usr/bin/make -f &quot;/mnt/c/School/NI-RUN/NI-RUN/fml_ast_interpreter/Makefile&quot;  VERBOSE=1 clean"/>
				</MakeCommands>
			</Target>
			<Target title="fml_ast_interpreter/fast">
				<Option output="/mnt/c/School/NI-RUN/NI-RUN/fml_ast_interpreter/fml_ast_interpreter" prefix_auto="0" extension_auto="0"/>
				<Option working_dir="/mnt/c/School/NI-RUN/NI-RUN/fml_ast_interpreter"/>
				<Option object_output="./"/>
				<Option type="1"/>
				<Option compiler="gcc"/>
				<Compiler>
					<Add directory="/mnt/c/School/NI-RUN/NI-RUN/fml_ast_interpreter/vendor/rapidjson/include"/>
					<Add directory="/mnt/c/School/NI-RUN/NI-RUN/fml_ast_interpreter/vendor/scopeGuard"/>
				</Compiler>
				<MakeCommands>
					<Build command="/usr/bin/make -f &quot;/mnt/c/School/NI-RUN/NI-RUN/fml_ast_interpreter/Makefile&quot;  VERBOSE=1 fml_ast_interpreter/fast"/>
					<CompileFile command="/usr/bin/make -f &quot;/mnt/c/School/NI-RUN/NI-RUN/fml_ast_interpreter/Makefile&quot;  VERBOSE=1 &quot;$file&quot;"/>
					<Clean command="/usr/bin/make -f &quot;/mnt/c/School/NI-RUN/NI-RUN/fml_ast_interpreter/Makefile&quot;  VERBOSE=1 clean"/>
					<DistClean command="/usr/bin/make -f &quot;/mnt/c/School/NI-RUN/NI-RUN/fml_ast_interpreter/Makefile&quot;  VERBOSE=1 clean"/>
				</MakeCommands>
			</Target>
		</Build>
		<Unit filename="/mnt/c/School/NI-RUN/NI-RUN/fml_ast_interpreter/AstNodes.cpp">
			<Option target="fml_ast_interpreter"/>
		</Unit>
		<Unit filename="/mnt/c/School/NI-RUN/NI-RUN/fml_ast_interpreter/AstNodes.h">
			<Option target="fml_ast_interpreter"/>
		</Unit>
		<Unit filename="/mnt/c/School/NI-RUN/NI-RUN/fml_ast_interpreter/AstParser.cpp">
			<Option target="fml_ast_interpreter"/>
		</Unit>
		<Unit filename="/mnt/c/School/NI-RUN/NI-RUN/fml_ast_interpreter/AstParser.h">
			<Option target="fml_ast_interpreter"/>
		</Unit>
		<Unit filename="/mnt/c/School/NI-RUN/NI-RUN/fml_ast_interpreter/Environment.cpp">
			<Option target="fml_ast_interpreter"/>
		</Unit>
		<Unit filename="/mnt/c/School/NI-RUN/NI-RUN/fml_ast_interpreter/Environment.h">
			<Option target="fml_ast_interpreter"/>
		</Unit>
		<Unit filename="/mnt/c/School/NI-RUN/NI-RUN/fml_ast_interpreter/main.cpp">
			<Option target="fml_ast_interpreter"/>
		</Unit>
		<Unit filename="/mnt/c/School/NI-RUN/NI-RUN/fml_ast_interpreter/vendor/scopeGuard/scope_guard.hpp">
			<Option target="fml_ast_interpreter"/>
		</Unit>
		<Unit filename="/mnt/c/School/NI-RUN/NI-RUN/fml_ast_interpreter/visitors/ExecVisitor.cpp">
			<Option target="fml_ast_interpreter"/>
		</Unit>
		<Unit filename="/mnt/c/School/NI-RUN/NI-RUN/fml_ast_interpreter/visitors/ExecVisitor.h">
			<Option target="fml_ast_interpreter"/>
		</Unit>
		<Unit filename="/mnt/c/School/NI-RUN/NI-RUN/fml_ast_interpreter/CMakeLists.txt">
			<Option virtualFolder="CMake Files\"/>
		</Unit>
	</Project>
</CodeBlocks_project_file>
